
Microsoft Visual Studio Solution File, Format Version 12.00
# Visual Studio 15
VisualStudioVersion = 15.0.27703.2000
MinimumVisualStudioVersion = 10.0.40219.1
Project("{FAE04EC0-301F-11D3-BF4B-00C04F79EFBC}") = "LatestVersionFunction", "LatestVersionFunction\LatestVersionFunction.csproj", "{00762240-7B55-4022-BBA7-21BCF528C4DF}"
EndProject
Global
	GlobalSection(SolutionConfigurationPlatforms) = preSolution
		Debug|Any CPU = Debug|Any CPU
		Release|Any CPU = Release|Any CPU
	EndGlobalSection
	GlobalSection(ProjectConfigurationPlatforms) = postSolution
		{00762240-7B55-4022-BBA7-21BCF528C4DF}.Debug|Any CPU.ActiveCfg = Debug|Any CPU
		{00762240-7B55-4022-BBA7-21BCF528C4DF}.Debug|Any CPU.Build.0 = Debug|Any CPU
		{00762240-7B55-4022-BBA7-21BCF528C4DF}.Release|Any CPU.ActiveCfg = Release|Any CPU
		{00762240-7B55-4022-BBA7-21BCF528C4DF}.Release|Any CPU.Build.0 = Release|Any CPU
	EndGlobalSection
	GlobalSection(SolutionProperties) = preSolution
		HideSolutionNode = FALSE
	EndGlobalSection
	GlobalSection(ExtensibilityGlobals) = postSolution
		SolutionGuid = {961E3DDE-2908-4344-AC15-FA97CBC39276}
	EndGlobalSection
EndGlobal
