
Microsoft Visual Studio Solution File, Format Version 12.00
# Visual Studio 15
VisualStudioVersion = 15.0.27703.2000
MinimumVisualStudioVersion = 10.0.40219.1
Project("{FAE04EC0-301F-11D3-BF4B-00C04F79EFBC}") = "FranzVersionChecker", "FranzVersionChecker\FranzVersionChecker.csproj", "{72DED35A-FF3F-4297-8C39-D0FC0F002226}"EndProject
Global
	GlobalSection(SolutionConfigurationPlatforms) = preSolution
		Debug|Any CPU = Debug|Any CPU
		Release|Any CPU = Release|Any CPU
	EndGlobalSection
	GlobalSection(ProjectConfigurationPlatforms) = postSolution
		{72DED35A-FF3F-4297-8C39-D0FC0F002226}.Debug|Any CPU.ActiveCfg = Debug|Any CPU
		{72DED35A-FF3F-4297-8C39-D0FC0F002226}.Debug|Any CPU.Build.0 = Debug|Any CPU
		{72DED35A-FF3F-4297-8C39-D0FC0F002226}.Release|Any CPU.ActiveCfg = Release|Any CPU
		{72DED35A-FF3F-4297-8C39-D0FC0F002226}.Release|Any CPU.Build.0 = Release|Any CPU
	EndGlobalSection
	GlobalSection(SolutionProperties) = preSolution
		HideSolutionNode = FALSE
	EndGlobalSection
	GlobalSection(ExtensibilityGlobals) = postSolution
		SolutionGuid = {569F76DD-2A91-4053-BA23-40A460B8B43F}
	EndGlobalSection
EndGlobal
